// !$*UTF8*$!
{
	archiveVersion = 1;
	classes = {
	};
	objectVersion = 50;
	objects = {

/* Begin PBXBuildFile section */
		CC5A23FB24894D9400288EC9 /* AppDelegate.swift in Sources */ = {isa = PBXBuildFile; fileRef = CC5A23FA24894D9400288EC9 /* AppDelegate.swift */; };
		CC5A23FD24894D9400288EC9 /* SceneDelegate.swift in Sources */ = {isa = PBXBuildFile; fileRef = CC5A23FC24894D9400288EC9 /* SceneDelegate.swift */; };
		CC5A23FF24894D9400288EC9 /* ViewController.swift in Sources */ = {isa = PBXBuildFile; fileRef = CC5A23FE24894D9400288EC9 /* ViewController.swift */; };
		CC5A240224894D9400288EC9 /* Main.storyboard in Resources */ = {isa = PBXBuildFile; fileRef = CC5A240024894D9400288EC9 /* Main.storyboard */; };
		CC5A240424894D9600288EC9 /* Assets.xcassets in Resources */ = {isa = PBXBuildFile; fileRef = CC5A240324894D9600288EC9 /* Assets.xcassets */; };
		CC5A240724894D9600288EC9 /* LaunchScreen.storyboard in Resources */ = {isa = PBXBuildFile; fileRef = CC5A240524894D9600288EC9 /* LaunchScreen.storyboard */; };
		CC5A240F24898FB800288EC9 /* VCRisk.swift in Sources */ = {isa = PBXBuildFile; fileRef = CC5A240E24898FB800288EC9 /* VCRisk.swift */; };
		CC5A24132489AA0F00288EC9 /* CVNewTemp.swift in Sources */ = {isa = PBXBuildFile; fileRef = CC5A24122489AA0F00288EC9 /* CVNewTemp.swift */; };
/* End PBXBuildFile section */

/* Begin PBXFileReference section */
		CC5A23F724894D9400288EC9 /* CoronaTest.app */ = {isa = PBXFileReference; explicitFileType = wrapper.application; includeInIndex = 0; path = CoronaTest.app; sourceTree = BUILT_PRODUCTS_DIR; };
		CC5A23FA24894D9400288EC9 /* AppDelegate.swift */ = {isa = PBXFileReference; lastKnownFileType = sourcecode.swift; path = AppDelegate.swift; sourceTree = "<group>"; };
		CC5A23FC24894D9400288EC9 /* SceneDelegate.swift */ = {isa = PBXFileReference; lastKnownFileType = sourcecode.swift; path = SceneDelegate.swift; sourceTree = "<group>"; };
		CC5A23FE24894D9400288EC9 /* ViewController.swift */ = {isa = PBXFileReference; lastKnownFileType = sourcecode.swift; path = ViewController.swift; sourceTree = "<group>"; };
		CC5A240124894D9400288EC9 /* Base */ = {isa = PBXFileReference; lastKnownFileType = file.storyboard; name = Base; path = Base.lproj/Main.storyboard; sourceTree = "<group>"; };
		CC5A240324894D9600288EC9 /* Assets.xcassets */ = {isa = PBXFileReference; lastKnownFileType = folder.assetcatalog; path = Assets.xcassets; sourceTree = "<group>"; };
		CC5A240624894D9600288EC9 /* Base */ = {isa = PBXFileReference; lastKnownFileType = file.storyboard; name = Base; path = Base.lproj/LaunchScreen.storyboard; sourceTree = "<group>"; };
		CC5A240824894D9600288EC9 /* Info.plist */ = {isa = PBXFileReference; lastKnownFileType = text.plist.xml; path = Info.plist; sourceTree = "<group>"; };
		CC5A240E24898FB800288EC9 /* VCRisk.swift */ = {isa = PBXFileReference; lastKnownFileType = sourcecode.swift; path = VCRisk.swift; sourceTree = "<group>"; };
		CC5A24122489AA0F00288EC9 /* CVNewTemp.swift */ = {isa = PBXFileReference; lastKnownFileType = sourcecode.swift; path = CVNewTemp.swift; sourceTree = "<group>"; };
/* End PBXFileReference section */

/* Begin PBXFrameworksBuildPhase section */
		CC5A23F424894D9400288EC9 /* Frameworks */ = {
			isa = PBXFrameworksBuildPhase;
			buildActionMask = 2147483647;
			files = (
			);
			runOnlyForDeploymentPostprocessing = 0;
		};
/* End PBXFrameworksBuildPhase section */

/* Begin PBXGroup section */
		CC5A23EE24894D9400288EC9 = {
			isa = PBXGroup;
			children = (
				CC5A23F924894D9400288EC9 /* CoronaTest */,
				CC5A23F824894D9400288EC9 /* Products */,
			);
			sourceTree = "<group>";
		};
		CC5A23F824894D9400288EC9 /* Products */ = {
			isa = PBXGroup;
			children = (
				CC5A23F724894D9400288EC9 /* CoronaTest.app */,
			);
			name = Products;
			sourceTree = "<group>";
		};
		CC5A23F924894D9400288EC9 /* CoronaTest */ = {
			isa = PBXGroup;
			children = (
				CC5A23FA24894D9400288EC9 /* AppDelegate.swift */,
				CC5A23FC24894D9400288EC9 /* SceneDelegate.swift */,
				CC5A23FE24894D9400288EC9 /* ViewController.swift */,
				CC5A240024894D9400288EC9 /* Main.storyboard */,
				CC5A24122489AA0F00288EC9 /* CVNewTemp.swift */,
				CC5A240E24898FB800288EC9 /* VCRisk.swift */,
				CC5A240324894D9600288EC9 /* Assets.xcassets */,
				CC5A240524894D9600288EC9 /* LaunchScreen.storyboard */,
				CC5A240824894D9600288EC9 /* Info.plist */,
			);
			path = CoronaTest;
			sourceTree = "<group>";
		};
/* End PBXGroup section */

/* Begin PBXNativeTarget section */
		CC5A23F624894D9400288EC9 /* CoronaTest */ = {
			isa = PBXNativeTarget;
			buildConfigurationList = CC5A240B24894D9600288EC9 /* Build configuration list for PBXNativeTarget "CoronaTest" */;
			buildPhases = (
				CC5A23F324894D9400288EC9 /* Sources */,
				CC5A23F424894D9400288EC9 /* Frameworks */,
				CC5A23F524894D9400288EC9 /* Resources */,
			);
			buildRules = (
			);
			dependencies = (
			);
			name = CoronaTest;
			productName = CoronaTest;
			productReference = CC5A23F724894D9400288EC9 /* CoronaTest.app */;
			productType = "com.apple.product-type.application";
		};
/* End PBXNativeTarget section */

/* Begin PBXProject section */
		CC5A23EF24894D9400288EC9 /* Project object */ = {
			isa = PBXProject;
			attributes = {
				LastSwiftUpdateCheck = 1110;
				LastUpgradeCheck = 1110;
				ORGANIZATIONNAME = Student31;
				TargetAttributes = {
					CC5A23F624894D9400288EC9 = {
						CreatedOnToolsVersion = 11.1;
					};
				};
			};
			buildConfigurationList = CC5A23F224894D9400288EC9 /* Build configuration list for PBXProject "CoronaTest" */;
			compatibilityVersion = "Xcode 9.3";
			developmentRegion = en;
			hasScannedForEncodings = 0;
			knownRegions = (
				en,
				Base,
			);
			mainGroup = CC5A23EE24894D9400288EC9;
			productRefGroup = CC5A23F824894D9400288EC9 /* Products */;
			projectDirPath = "";
			projectRoot = "";
			targets = (
				CC5A23F624894D9400288EC9 /* CoronaTest */,
			);
		};
/* End PBXProject section */

/* Begin PBXResourcesBuildPhase section */
		CC5A23F524894D9400288EC9 /* Resources */ = {
			isa = PBXResourcesBuildPhase;
			buildActionMask = 2147483647;
			files = (
				CC5A240724894D9600288EC9 /* LaunchScreen.storyboard in Resources */,
				CC5A240424894D9600288EC9 /* Assets.xcassets in Resources */,
				CC5A240224894D9400288EC9 /* Main.storyboard in Resources */,
			);
			runOnlyForDeploymentPostprocessing = 0;
		};
/* End PBXResourcesBuildPhase section */

/* Begin PBXSourcesBuildPhase section */
		CC5A23F324894D9400288EC9 /* Sources */ = {
			isa = PBXSourcesBuildPhase;
			buildActionMask = 2147483647;
			files = (
				CC5A23FF24894D9400288EC9 /* ViewController.swift in Sources */,
				CC5A240F24898FB800288EC9 /* VCRisk.swift in Sources */,
				CC5A24132489AA0F00288EC9 /* CVNewTemp.swift in Sources */,
				CC5A23FB24894D9400288EC9 /* AppDelegate.swift in Sources */,
				CC5A23FD24894D9400288EC9 /* SceneDelegate.swift in Sources */,
			);
			runOnlyForDeploymentPostprocessing = 0;
		};
/* End PBXSourcesBuildPhase section */

/* Begin PBXVariantGroup section */
		CC5A240024894D9400288EC9 /* Main.storyboard */ = {
			isa = PBXVariantGroup;
			children = (
				CC5A240124894D9400288EC9 /* Base */,
			);
			name = Main.storyboard;
			sourceTree = "<group>";
		};
		CC5A240524894D9600288EC9 /* LaunchScreen.storyboard */ = {
			isa = PBXVariantGroup;
			children = (
				CC5A240624894D9600288EC9 /* Base */,
			);
			name = LaunchScreen.storyboard;
			sourceTree = "<group>";
		};
/* End PBXVariantGroup section */

/* Begin XCBuildConfiguration section */
		CC5A240924894D9600288EC9 /* Debug */ = {
			isa = XCBuildConfiguration;
			buildSettings = {
				ALWAYS_SEARCH_USER_PATHS = NO;
				CLANG_ANALYZER_NONNULL = YES;
				CLANG_ANALYZER_NUMBER_OBJECT_CONVERSION = YES_AGGRESSIVE;
				CLANG_CXX_LANGUAGE_STANDARD = "gnu++14";
				CLANG_CXX_LIBRARY = "libc++";
				CLANG_ENABLE_MODULES = YES;
				CLANG_ENABLE_OBJC_ARC = YES;
				CLANG_ENABLE_OBJC_WEAK = YES;
				CLANG_WARN_BLOCK_CAPTURE_AUTORELEASING = YES;
				CLANG_WARN_BOOL_CONVERSION = YES;
				CLANG_WARN_COMMA = YES;
				CLANG_WARN_CONSTANT_CONVERSION = YES;
				CLANG_WARN_DEPRECATED_OBJC_IMPLEMENTATIONS = YES;
				CLANG_WARN_DIRECT_OBJC_ISA_USAGE = YES_ERROR;
				CLANG_WARN_DOCUMENTATION_COMMENTS = YES;
				CLANG_WARN_EMPTY_BODY = YES;
				CLANG_WARN_ENUM_CONVERSION = YES;
				CLANG_WARN_INFINITE_RECURSION = YES;
				CLANG_WARN_INT_CONVERSION = YES;
				CLANG_WARN_NON_LITERAL_NULL_CONVERSION = YES;
				CLANG_WARN_OBJC_IMPLICIT_RETAIN_SELF = YES;
				CLANG_WARN_OBJC_LITERAL_CONVERSION = YES;
				CLANG_WARN_OBJC_ROOT_CLASS = YES_ERROR;
				CLANG_WARN_RANGE_LOOP_ANALYSIS = YES;
				CLANG_WARN_STRICT_PROTOTYPES = YES;
				CLANG_WARN_SUSPICIOUS_MOVE = YES;
				CLANG_WARN_UNGUARDED_AVAILABILITY = YES_AGGRESSIVE;
				CLANG_WARN_UNREACHABLE_CODE = YES;
				CLANG_WARN__DUPLICATE_METHOD_MATCH = YES;
				COPY_PHASE_STRIP = NO;
				DEBUG_INFORMATION_FORMAT = dwarf;
				ENABLE_STRICT_OBJC_MSGSEND = YES;
				ENABLE_TESTABILITY = YES;
				GCC_C_LANGUAGE_STANDARD = gnu11;
				GCC_DYNAMIC_NO_PIC = NO;
				GCC_NO_COMMON_BLOCKS = YES;
				GCC_OPTIMIZATION_LEVEL = 0;
				GCC_PREPROCESSOR_DEFINITIONS = (
					"DEBUG=1",
					"$(inherited)",
				);
				GCC_WARN_64_TO_32_BIT_CONVERSION = YES;
				GCC_WARN_ABOUT_RETURN_TYPE = YES_ERROR;
				GCC_WARN_UNDECLARED_SELECTOR = YES;
				GCC_WARN_UNINITIALIZED_AUTOS = YES_AGGRESSIVE;
				GCC_WARN_UNUSED_FUNCTION = YES;
				GCC_WARN_UNUSED_VARIABLE = YES;
				IPHONEOS_DEPLOYMENT_TARGET = 13.1;
				MTL_ENABLE_DEBUG_INFO = INCLUDE_SOURCE;
				MTL_FAST_MATH = YES;
				ONLY_ACTIVE_ARCH = YES;
				SDKROOT = iphoneos;
				SWIFT_ACTIVE_COMPILATION_CONDITIONS = DEBUG;
				SWIFT_OPTIMIZATION_LEVEL = "-Onone";
			};
			name = Debug;
		};
		CC5A240A24894D9600288EC9 /* Release */ = {
			isa = XCBuildConfiguration;
			buildSettings = {
				ALWAYS_SEARCH_USER_PATHS = NO;
				CLANG_ANALYZER_NONNULL = YES;
				CLANG_ANALYZER_NUMBER_OBJECT_CONVERSION = YES_AGGRESSIVE;
				CLANG_CXX_LANGUAGE_STANDARD = "gnu++14";
				CLANG_CXX_LIBRARY = "libc++";
				CLANG_ENABLE_MODULES = YES;
				CLANG_ENABLE_OBJC_ARC = YES;
				CLANG_ENABLE_OBJC_WEAK = YES;
				CLANG_WARN_BLOCK_CAPTURE_AUTORELEASING = YES;
				CLANG_WARN_BOOL_CONVERSION = YES;
				CLANG_WARN_COMMA = YES;
				CLANG_WARN_CONSTANT_CONVERSION = YES;
				CLANG_WARN_DEPRECATED_OBJC_IMPLEMENTATIONS = YES;
				CLANG_WARN_DIRECT_OBJC_ISA_USAGE = YES_ERROR;
				CLANG_WARN_DOCUMENTATION_COMMENTS = YES;
				CLANG_WARN_EMPTY_BODY = YES;
				CLANG_WARN_ENUM_CONVERSION = YES;
				CLANG_WARN_INFINITE_RECURSION = YES;
				CLANG_WARN_INT_CONVERSION = YES;
				CLANG_WARN_NON_LITERAL_NULL_CONVERSION = YES;
				CLANG_WARN_OBJC_IMPLICIT_RETAIN_SELF = YES;
				CLANG_WARN_OBJC_LITERAL_CONVERSION = YES;
				CLANG_WARN_OBJC_ROOT_CLASS = YES_ERROR;
				CLANG_WARN_RANGE_LOOP_ANALYSIS = YES;
				CLANG_WARN_STRICT_PROTOTYPES = YES;
				CLANG_WARN_SUSPICIOUS_MOVE = YES;
				CLANG_WARN_UNGUARDED_AVAILABILITY = YES_AGGRESSIVE;
				CLANG_WARN_UNREACHABLE_CODE = YES;
				CLANG_WARN__DUPLICATE_METHOD_MATCH = YES;
				COPY_PHASE_STRIP = NO;
				DEBUG_INFORMATION_FORMAT = "dwarf-with-dsym";
				ENABLE_NS_ASSERTIONS = NO;
				ENABLE_STRICT_OBJC_MSGSEND = YES;
				GCC_C_LANGUAGE_STANDARD = gnu11;
				GCC_NO_COMMON_BLOCKS = YES;
				GCC_WARN_64_TO_32_BIT_CONVERSION = YES;
				GCC_WARN_ABOUT_RETURN_TYPE = YES_ERROR;
				GCC_WARN_UNDECLARED_SELECTOR = YES;
				GCC_WARN_UNINITIALIZED_AUTOS = YES_AGGRESSIVE;
				GCC_WARN_UNUSED_FUNCTION = YES;
				GCC_WARN_UNUSED_VARIABLE = YES;
				IPHONEOS_DEPLOYMENT_TARGET = 13.1;
				MTL_ENABLE_DEBUG_INFO = NO;
				MTL_FAST_MATH = YES;
				SDKROOT = iphoneos;
				SWIFT_COMPILATION_MODE = wholemodule;
				SWIFT_OPTIMIZATION_LEVEL = "-O";
				VALIDATE_PRODUCT = YES;
			};
			name = Release;
		};
		CC5A240C24894D9600288EC9 /* Debug */ = {
			isa = XCBuildConfiguration;
			buildSettings = {
				ASSETCATALOG_COMPILER_APPICON_NAME = AppIcon;
				CODE_SIGN_STYLE = Automatic;
				INFOPLIST_FILE = CoronaTest/Info.plist;
				LD_RUNPATH_SEARCH_PATHS = (
					"$(inherited)",
					"@executable_path/Frameworks",
				);
				PRODUCT_BUNDLE_IDENTIFIER = pwr.CoronaTest;
				PRODUCT_NAME = "$(TARGET_NAME)";
				SWIFT_VERSION = 5.0;
				TARGETED_DEVICE_FAMILY = "1,2";
			};
			name = Debug;
		};
		CC5A240D24894D9600288EC9 /* Release */ = {
			isa = XCBuildConfiguration;
			buildSettings = {
				ASSETCATALOG_COMPILER_APPICON_NAME = AppIcon;
				CODE_SIGN_STYLE = Automatic;
				INFOPLIST_FILE = CoronaTest/Info.plist;
				LD_RUNPATH_SEARCH_PATHS = (
					"$(inherited)",
					"@executable_path/Frameworks",
				);
				PRODUCT_BUNDLE_IDENTIFIER = pwr.CoronaTest;
				PRODUCT_NAME = "$(TARGET_NAME)";
				SWIFT_VERSION = 5.0;
				TARGETED_DEVICE_FAMILY = "1,2";
			};
			name = Release;
		};
/* End XCBuildConfiguration section */

/* Begin XCConfigurationList section */
		CC5A23F224894D9400288EC9 /* Build configuration list for PBXProject "CoronaTest" */ = {
			isa = XCConfigurationList;
			buildConfigurations = (
				CC5A240924894D9600288EC9 /* Debug */,
				CC5A240A24894D9600288EC9 /* Release */,
			);
			defaultConfigurationIsVisible = 0;
			defaultConfigurationName = Release;
		};
		CC5A240B24894D9600288EC9 /* Build configuration list for PBXNativeTarget "CoronaTest" */ = {
			isa = XCConfigurationList;
			buildConfigurations = (
				CC5A240C24894D9600288EC9 /* Debug */,
				CC5A240D24894D9600288EC9 /* Release */,
			);
			defaultConfigurationIsVisible = 0;
			defaultConfigurationName = Release;
		};
/* End XCConfigurationList section */
	};
	rootObject = CC5A23EF24894D9400288EC9 /* Project object */;
}
